<?xml version="1.0" encoding="utf-8"?>
<Project ToolsVersion="4.0" xmlns="http://schemas.microsoft.com/developer/msbuild/2003">
  <ItemGroup>
    <Filter Include="Source Files">
      <UniqueIdentifier>{4FC737F1-C7A5-4376-A066-2A32D752A2FF}</UniqueIdentifier>
      <Extensions>cpp;c;cc;cxx;c++;cppm;ixx;def;odl;idl;hpj;bat;asm;asmx</Extensions>
    </Filter>
    <Filter Include="Header Files">
      <UniqueIdentifier>{93995380-89BD-4b04-88EB-625FBE52EBFB}</UniqueIdentifier>
      <Extensions>h;hh;hpp;hxx;h++;hm;inl;inc;ipp;xsd</Extensions>
    </Filter>
    <Filter Include="Resource Files">
      <UniqueIdentifier>{67DA6AB6-F800-4c08-8B7A-83BB121AAD01}</UniqueIdentifier>
      <Extensions>rc;ico;cur;bmp;dlg;rc2;rct;bin;rgs;gif;jpg;jpeg;jpe;resx;tiff;tif;png;wav;mfcribbon-ms</Extensions>
    </Filter>
    <Filter Include="Resource Files\content">
      <UniqueIdentifier>{b83b6893-024d-4495-a535-db2c03782d6e}</UniqueIdentifier>
    </Filter>
  </ItemGroup>
  <ItemGroup>
    <ClCompile Include="CS162-21APCS-18125030.cpp">
      <Filter>Source Files</Filter>
    </ClCompile>
    <ClCompile Include="class_classList.cpp">
      <Filter>Source Files</Filter>
    </ClCompile>
    <ClCompile Include="course_courseList.cpp">
      <Filter>Source Files</Filter>
    </ClCompile>
    <ClCompile Include="semester_semesterList.cpp">
      <Filter>Source Files</Filter>
    </ClCompile>
    <ClCompile Include="student_studentList.cpp">
      <Filter>Source Files</Filter>
    </ClCompile>
    <ClCompile Include="view_scene.cpp">
      <Filter>Source Files</Filter>
    </ClCompile>
    <ClCompile Include="views.cpp">
      <Filter>Source Files</Filter>
    </ClCompile>
    <ClCompile Include="year_yearList.cpp">
      <Filter>Source Files</Filter>
    </ClCompile>
  </ItemGroup>
  <ItemGroup>
    <ClInclude Include="header.h">
      <Filter>Header Files</Filter>
    </ClInclude>
    <ClInclude Include="struct_and_dependencies.h">
      <Filter>Header Files</Filter>
    </ClInclude>
    <ClInclude Include="views.h">
      <Filter>Header Files</Filter>
    </ClInclude>
  </ItemGroup>
  <ItemGroup>
    <None Include="csv\class_input.csv">
      <Filter>Resource Files</Filter>
    </None>
    <None Include="csv\class_output.csv">
      <Filter>Resource Files</Filter>
    </None>
    <None Include="csv\staff_input.csv">
      <Filter>Resource Files</Filter>
    </None>
    <None Include="csv\staff_output.csv">
      <Filter>Resource Files</Filter>
    </None>
    <None Include="csv\student_input copy.csv">
      <Filter>Resource Files</Filter>
    </None>
    <None Include="csv\schoolyear_input.csv">
      <Filter>Resource Files</Filter>
    </None>
    <None Include="csv\schoolyear_output.csv">
      <Filter>Resource Files</Filter>
    </None>
  </ItemGroup>
  <ItemGroup>
    <Image Include="content\Asset 27.png">
      <Filter>Resource Files\content</Filter>
    </Image>
    <Image Include="content\Asset 28.png">
      <Filter>Resource Files\content</Filter>
    </Image>
    <Image Include="content\Asset 29.png">
      <Filter>Resource Files\content</Filter>
    </Image>
    <Image Include="content\Asset 30.png">
      <Filter>Resource Files\content</Filter>
    </Image>
    <Image Include="content\Asset 31.png">
      <Filter>Resource Files\content</Filter>
    </Image>
    <Image Include="content\Asset 32.png">
      <Filter>Resource Files\content</Filter>
    </Image>
    <Image Include="content\Asset 33.png">
      <Filter>Resource Files\content</Filter>
    </Image>
    <Image Include="content\Asset 34.png">
      <Filter>Resource Files\content</Filter>
    </Image>
    <Image Include="content\Asset 35.png">
      <Filter>Resource Files\content</Filter>
    </Image>
    <Image Include="content\Asset 36.png">
      <Filter>Resource Files\content</Filter>
    </Image>
    <Image Include="content\Asset 37.png">
      <Filter>Resource Files\content</Filter>
    </Image>
    <Image Include="content\Asset 38.png">
      <Filter>Resource Files\content</Filter>
    </Image>
    <Image Include="content\Asset 41.png">
      <Filter>Resource Files\content</Filter>
    </Image>
    <Image Include="content\Asset 42.png">
      <Filter>Resource Files\content</Filter>
    </Image>
    <Image Include="content\Asset 43.png">
      <Filter>Resource Files\content</Filter>
    </Image>
    <Image Include="content\Asset 44.png">
      <Filter>Resource Files\content</Filter>
    </Image>
    <Image Include="content\Asset 45.png">
      <Filter>Resource Files\content</Filter>
    </Image>
    <Image Include="content\Asset 46.png">
      <Filter>Resource Files\content</Filter>
    </Image>
    <Image Include="content\Asset 47.png">
      <Filter>Resource Files\content</Filter>
    </Image>
    <Image Include="content\Asset 48.png">
      <Filter>Resource Files\content</Filter>
    </Image>
    <Image Include="content\closedeye.png">
      <Filter>Resource Files\content</Filter>
    </Image>
    <Image Include="content\eye.png">
      <Filter>Resource Files\content</Filter>
    </Image>
    <Image Include="content\First.png">
      <Filter>Resource Files\content</Filter>
    </Image>
    <Image Include="content\icon.png">
      <Filter>Resource Files\content</Filter>
    </Image>
    <Image Include="content\Log in.png">
      <Filter>Resource Files\content</Filter>
    </Image>
    <Image Include="content\Login.png">
      <Filter>Resource Files\content</Filter>
    </Image>
    <Image Include="content\Login1.png">
      <Filter>Resource Files\content</Filter>
    </Image>
    <Image Include="content\logout.png">
      <Filter>Resource Files\content</Filter>
    </Image>
    <Image Include="content\logout1.png">
      <Filter>Resource Files\content</Filter>
    </Image>
    <Image Include="content\return.png">
      <Filter>Resource Files\content</Filter>
    </Image>
    <Image Include="content\return1.png">
      <Filter>Resource Files\content</Filter>
    </Image>
    <Image Include="content\Staff.png">
      <Filter>Resource Files\content</Filter>
    </Image>
    <Image Include="content\Staff1.png">
      <Filter>Resource Files\content</Filter>
    </Image>
    <Image Include="content\Staff2.png">
      <Filter>Resource Files\content</Filter>
    </Image>
    <Image Include="content\Student.png">
      <Filter>Resource Files\content</Filter>
    </Image>
    <Image Include="content\Student1.png">
      <Filter>Resource Files\content</Filter>
    </Image>
    <Image Include="content\Student2.png">
      <Filter>Resource Files\content</Filter>
    </Image>
  </ItemGroup>
  <ItemGroup>
    <Font Include="content\Oswald-Bold.ttf">
      <Filter>Resource Files\content</Filter>
    </Font>
    <Font Include="content\Oswald-ExtraLight.ttf">
      <Filter>Resource Files\content</Filter>
    </Font>
    <Font Include="content\Oswald-Light.ttf">
      <Filter>Resource Files\content</Filter>
    </Font>
    <Font Include="content\Oswald-Medium.ttf">
      <Filter>Resource Files\content</Filter>
    </Font>
    <Font Include="content\Oswald-Regular.ttf">
      <Filter>Resource Files\content</Filter>
    </Font>
    <Font Include="content\Oswald-SemiBold.ttf">
      <Filter>Resource Files\content</Filter>
    </Font>
    <Font Include="content\VNI-Vari.TTF">
      <Filter>Resource Files\content</Filter>
    </Font>
  </ItemGroup>
</Project>